
Microsoft Visual Studio Solution File, Format Version 12.00
# Visual Studio Version 16
VisualStudioVersion = 16.0.31321.278
MinimumVisualStudioVersion = 10.0.40219.1
Project("{9A19103F-16F7-4668-BE54-9A1E7A4F7556}") = "TodolistBlazorWasm", "TodolistBlazorWasm\TodolistBlazorWasm.csproj", "{7FC3D51A-4F18-4A66-9CDC-6DA076C38342}"
EndProject
Project("{9A19103F-16F7-4668-BE54-9A1E7A4F7556}") = "TodolistBlazor.API", "TodolistBlazor.API\TodolistBlazor.API.csproj", "{C70C1294-F5AD-4C0E-8EB1-CEE52C4985AD}"
EndProject
Project("{9A19103F-16F7-4668-BE54-9A1E7A4F7556}") = "TodolistBlazor.Models", "TodolistBlazor.Models\TodolistBlazor.Models.csproj", "{6BCB3685-36DC-4183-A044-5CC84B962640}"
EndProject
Project("{2150E333-8FDC-42A3-9474-1A3956D46DE8}") = "Solution Items", "Solution Items", "{0B8E76A8-E06A-4DEA-9943-E3AA02B0F962}"
	ProjectSection(SolutionItems) = preProject
		README.md = README.md
	EndProjectSection
EndProject
Global
	GlobalSection(SolutionConfigurationPlatforms) = preSolution
		Debug|Any CPU = Debug|Any CPU
		Release|Any CPU = Release|Any CPU
	EndGlobalSection
	GlobalSection(ProjectConfigurationPlatforms) = postSolution
		{7FC3D51A-4F18-4A66-9CDC-6DA076C38342}.Debug|Any CPU.ActiveCfg = Debug|Any CPU
		{7FC3D51A-4F18-4A66-9CDC-6DA076C38342}.Debug|Any CPU.Build.0 = Debug|Any CPU
		{7FC3D51A-4F18-4A66-9CDC-6DA076C38342}.Release|Any CPU.ActiveCfg = Release|Any CPU
		{7FC3D51A-4F18-4A66-9CDC-6DA076C38342}.Release|Any CPU.Build.0 = Release|Any CPU
		{C70C1294-F5AD-4C0E-8EB1-CEE52C4985AD}.Debug|Any CPU.ActiveCfg = Debug|Any CPU
		{C70C1294-F5AD-4C0E-8EB1-CEE52C4985AD}.Debug|Any CPU.Build.0 = Debug|Any CPU
		{C70C1294-F5AD-4C0E-8EB1-CEE52C4985AD}.Release|Any CPU.ActiveCfg = Release|Any CPU
		{C70C1294-F5AD-4C0E-8EB1-CEE52C4985AD}.Release|Any CPU.Build.0 = Release|Any CPU
		{6BCB3685-36DC-4183-A044-5CC84B962640}.Debug|Any CPU.ActiveCfg = Debug|Any CPU
		{6BCB3685-36DC-4183-A044-5CC84B962640}.Debug|Any CPU.Build.0 = Debug|Any CPU
		{6BCB3685-36DC-4183-A044-5CC84B962640}.Release|Any CPU.ActiveCfg = Release|Any CPU
		{6BCB3685-36DC-4183-A044-5CC84B962640}.Release|Any CPU.Build.0 = Release|Any CPU
	EndGlobalSection
	GlobalSection(SolutionProperties) = preSolution
		HideSolutionNode = FALSE
	EndGlobalSection
	GlobalSection(ExtensibilityGlobals) = postSolution
		SolutionGuid = {F3B12CF0-9E37-44B4-B751-9A3514C08252}
	EndGlobalSection
EndGlobal
